
Microsoft Visual Studio Solution File, Format Version 11.00
# Visual Studio 2010
Project("{FAE04EC0-301F-11D3-BF4B-00C04F79EFBC}") = "ARKit lern", "Assembly-CSharp.csproj", "{2183C056-502D-D25B-DE67-55A0C323CBB3}"
EndProject
Project("{FAE04EC0-301F-11D3-BF4B-00C04F79EFBC}") = "ARKit lern", "Assembly-CSharp-Editor.csproj", "{F836110A-F27A-D18C-3A8F-5CDDC1649A3C}"
EndProject
Global
	GlobalSection(SolutionConfigurationPlatforms) = preSolution
		Debug|Any CPU = Debug|Any CPU
		Release|Any CPU = Release|Any CPU
	EndGlobalSection
	GlobalSection(ProjectConfigurationPlatforms) = postSolution
		{2183C056-502D-D25B-DE67-55A0C323CBB3}.Debug|Any CPU.ActiveCfg = Debug|Any CPU
		{2183C056-502D-D25B-DE67-55A0C323CBB3}.Debug|Any CPU.Build.0 = Debug|Any CPU
		{2183C056-502D-D25B-DE67-55A0C323CBB3}.Release|Any CPU.ActiveCfg = Release|Any CPU
		{2183C056-502D-D25B-DE67-55A0C323CBB3}.Release|Any CPU.Build.0 = Release|Any CPU
		{F836110A-F27A-D18C-3A8F-5CDDC1649A3C}.Debug|Any CPU.ActiveCfg = Debug|Any CPU
		{F836110A-F27A-D18C-3A8F-5CDDC1649A3C}.Debug|Any CPU.Build.0 = Debug|Any CPU
		{F836110A-F27A-D18C-3A8F-5CDDC1649A3C}.Release|Any CPU.ActiveCfg = Release|Any CPU
		{F836110A-F27A-D18C-3A8F-5CDDC1649A3C}.Release|Any CPU.Build.0 = Release|Any CPU
	EndGlobalSection
	GlobalSection(SolutionProperties) = preSolution
		HideSolutionNode = FALSE
	EndGlobalSection
	GlobalSection(MonoDevelopProperties) = preSolution
		StartupItem = Assembly-CSharp.csproj
	EndGlobalSection
EndGlobal
